
Microsoft Visual Studio Solution File, Format Version 12.00
# Visual Studio 15
VisualStudioVersion = 15.0.26124.0
MinimumVisualStudioVersion = 15.0.26124.0
Project("{FAE04EC0-301F-11D3-BF4B-00C04F79EFBC}") = "JetabroadNoise.Cli", "src\Noise.Cli\JetabroadNoise.Cli.csproj", "{0939726B-619A-450F-93B2-6BFD283BE044}"
EndProject
Project("{FAE04EC0-301F-11D3-BF4B-00C04F79EFBC}") = "JetabroadNoise.Cli.Test.Unit", "test\Noise.Cli.Test.Unit\JetabroadNoise.Cli.Test.Unit.csproj", "{D2324450-6A3A-411A-9601-DFCD89BC7B85}"
EndProject
Project("{FAE04EC0-301F-11D3-BF4B-00C04F79EFBC}") = "JetabroadNoise.Cli.Test.Acceptance", "test\JetabroadNoise.Cli.Test.Acceptance\JetabroadNoise.Cli.Test.Acceptance.csproj", "{29AC3957-319E-4B53-A1DC-07ED6429CD62}"
EndProject
Global
	GlobalSection(SolutionConfigurationPlatforms) = preSolution
		Debug|Any CPU = Debug|Any CPU
		Debug|x64 = Debug|x64
		Debug|x86 = Debug|x86
		Release|Any CPU = Release|Any CPU
		Release|x64 = Release|x64
		Release|x86 = Release|x86
	EndGlobalSection
	GlobalSection(SolutionProperties) = preSolution
		HideSolutionNode = FALSE
	EndGlobalSection
	GlobalSection(ProjectConfigurationPlatforms) = postSolution
		{0939726B-619A-450F-93B2-6BFD283BE044}.Debug|Any CPU.ActiveCfg = Debug|Any CPU
		{0939726B-619A-450F-93B2-6BFD283BE044}.Debug|Any CPU.Build.0 = Debug|Any CPU
		{0939726B-619A-450F-93B2-6BFD283BE044}.Debug|x64.ActiveCfg = Debug|Any CPU
		{0939726B-619A-450F-93B2-6BFD283BE044}.Debug|x64.Build.0 = Debug|Any CPU
		{0939726B-619A-450F-93B2-6BFD283BE044}.Debug|x86.ActiveCfg = Debug|Any CPU
		{0939726B-619A-450F-93B2-6BFD283BE044}.Debug|x86.Build.0 = Debug|Any CPU
		{0939726B-619A-450F-93B2-6BFD283BE044}.Release|Any CPU.ActiveCfg = Release|Any CPU
		{0939726B-619A-450F-93B2-6BFD283BE044}.Release|Any CPU.Build.0 = Release|Any CPU
		{0939726B-619A-450F-93B2-6BFD283BE044}.Release|x64.ActiveCfg = Release|Any CPU
		{0939726B-619A-450F-93B2-6BFD283BE044}.Release|x64.Build.0 = Release|Any CPU
		{0939726B-619A-450F-93B2-6BFD283BE044}.Release|x86.ActiveCfg = Release|Any CPU
		{0939726B-619A-450F-93B2-6BFD283BE044}.Release|x86.Build.0 = Release|Any CPU
		{D2324450-6A3A-411A-9601-DFCD89BC7B85}.Debug|Any CPU.ActiveCfg = Debug|Any CPU
		{D2324450-6A3A-411A-9601-DFCD89BC7B85}.Debug|Any CPU.Build.0 = Debug|Any CPU
		{D2324450-6A3A-411A-9601-DFCD89BC7B85}.Debug|x64.ActiveCfg = Debug|Any CPU
		{D2324450-6A3A-411A-9601-DFCD89BC7B85}.Debug|x64.Build.0 = Debug|Any CPU
		{D2324450-6A3A-411A-9601-DFCD89BC7B85}.Debug|x86.ActiveCfg = Debug|Any CPU
		{D2324450-6A3A-411A-9601-DFCD89BC7B85}.Debug|x86.Build.0 = Debug|Any CPU
		{D2324450-6A3A-411A-9601-DFCD89BC7B85}.Release|Any CPU.ActiveCfg = Release|Any CPU
		{D2324450-6A3A-411A-9601-DFCD89BC7B85}.Release|Any CPU.Build.0 = Release|Any CPU
		{D2324450-6A3A-411A-9601-DFCD89BC7B85}.Release|x64.ActiveCfg = Release|Any CPU
		{D2324450-6A3A-411A-9601-DFCD89BC7B85}.Release|x64.Build.0 = Release|Any CPU
		{D2324450-6A3A-411A-9601-DFCD89BC7B85}.Release|x86.ActiveCfg = Release|Any CPU
		{D2324450-6A3A-411A-9601-DFCD89BC7B85}.Release|x86.Build.0 = Release|Any CPU
		{29AC3957-319E-4B53-A1DC-07ED6429CD62}.Debug|Any CPU.ActiveCfg = Debug|Any CPU
		{29AC3957-319E-4B53-A1DC-07ED6429CD62}.Debug|Any CPU.Build.0 = Debug|Any CPU
		{29AC3957-319E-4B53-A1DC-07ED6429CD62}.Debug|x64.ActiveCfg = Debug|Any CPU
		{29AC3957-319E-4B53-A1DC-07ED6429CD62}.Debug|x64.Build.0 = Debug|Any CPU
		{29AC3957-319E-4B53-A1DC-07ED6429CD62}.Debug|x86.ActiveCfg = Debug|Any CPU
		{29AC3957-319E-4B53-A1DC-07ED6429CD62}.Debug|x86.Build.0 = Debug|Any CPU
		{29AC3957-319E-4B53-A1DC-07ED6429CD62}.Release|Any CPU.ActiveCfg = Release|Any CPU
		{29AC3957-319E-4B53-A1DC-07ED6429CD62}.Release|Any CPU.Build.0 = Release|Any CPU
		{29AC3957-319E-4B53-A1DC-07ED6429CD62}.Release|x64.ActiveCfg = Release|Any CPU
		{29AC3957-319E-4B53-A1DC-07ED6429CD62}.Release|x64.Build.0 = Release|Any CPU
		{29AC3957-319E-4B53-A1DC-07ED6429CD62}.Release|x86.ActiveCfg = Release|Any CPU
		{29AC3957-319E-4B53-A1DC-07ED6429CD62}.Release|x86.Build.0 = Release|Any CPU
	EndGlobalSection
EndGlobal
